
Microsoft Visual Studio Solution File, Format Version 12.00
# Visual Studio Version 17
VisualStudioVersion = 17.11.35303.130
MinimumVisualStudioVersion = 10.0.40219.1
Project("{2150E333-8FDC-42A3-9474-1A3956D46DE8}") = "Resorses", "Resorses", "{763EBAA7-3462-4E59-B277-2BB7637AF3FB}"
EndProject
Project("{9A19103F-16F7-4668-BE54-9A1E7A4F7556}") = "WebApp", "WebApp\WebApp.csproj", "{B1FF2C0C-AEBF-4174-9C6D-8FBCFC6FC21A}"
EndProject
Project("{2150E333-8FDC-42A3-9474-1A3956D46DE8}") = "DB", "DB", "{BC40FED6-A502-446D-8E05-55A3CF81612A}"
EndProject
Project("{2150E333-8FDC-42A3-9474-1A3956D46DE8}") = "gRPC", "gRPC", "{2DD40C7D-E3E9-491D-A788-FA56C110C0D7}"
EndProject
Project("{9A19103F-16F7-4668-BE54-9A1E7A4F7556}") = "GrpcClient", "GrpcClient\GrpcClient.csproj", "{B92D3597-AD15-4604-A0AA-68393E9000D9}"
EndProject
Project("{9A19103F-16F7-4668-BE54-9A1E7A4F7556}") = "GrpcServer", "GrpcServer\GrpcServer.csproj", "{A5C08D8A-0AEF-4F18-A1A8-D51A46F09DC2}"
EndProject
Project("{2150E333-8FDC-42A3-9474-1A3956D46DE8}") = "Common", "Common", "{28E69D0F-8415-4A9A-A030-6A5E41B38C7A}"
EndProject
Project("{2150E333-8FDC-42A3-9474-1A3956D46DE8}") = "Providers", "Providers", "{1BCE565F-6FAA-4698-BB92-3DE383EB852B}"
EndProject
Project("{9A19103F-16F7-4668-BE54-9A1E7A4F7556}") = "DBAbstractions", "Abstractions\DBAbstractions.csproj", "{8CBBB01C-EC1D-421F-B0C0-21CA4FE78540}"
EndProject
Project("{9A19103F-16F7-4668-BE54-9A1E7A4F7556}") = "EFPostgreDataProvider", "EFPostgreDataProvider\EFPostgreDataProvider.csproj", "{C1ADA057-55D4-44F1-A1C4-CDC754FECAAC}"
EndProject
Project("{9A19103F-16F7-4668-BE54-9A1E7A4F7556}") = "EFMySqlDataProvider", "EFMySqlDataProvider\EFMySqlDataProvider.csproj", "{D623A602-5889-47A0-AF13-276AF650CA64}"
EndProject
Project("{9A19103F-16F7-4668-BE54-9A1E7A4F7556}") = "DapperPostrgreDataProvider", "DapperPostrgreDataProvider\DapperPostrgreDataProvider.csproj", "{7F1C53E1-2CCF-437B-AD80-63577269BA64}"
EndProject
Project("{9A19103F-16F7-4668-BE54-9A1E7A4F7556}") = "Entities", "Entities\Entities.csproj", "{59C607EC-B2EA-412D-AADC-980217618E75}"
EndProject
Project("{9A19103F-16F7-4668-BE54-9A1E7A4F7556}") = "WebClientApp", "..\WebClientApp\WebClientApp\WebClientApp.csproj", "{AF2A7309-55B1-4C53-8CA1-2F73CB31CC1D}"
EndProject
Global
	GlobalSection(SolutionConfigurationPlatforms) = preSolution
		Debug|Any CPU = Debug|Any CPU
		Release|Any CPU = Release|Any CPU
	EndGlobalSection
	GlobalSection(ProjectConfigurationPlatforms) = postSolution
		{B1FF2C0C-AEBF-4174-9C6D-8FBCFC6FC21A}.Debug|Any CPU.ActiveCfg = Debug|Any CPU
		{B1FF2C0C-AEBF-4174-9C6D-8FBCFC6FC21A}.Debug|Any CPU.Build.0 = Debug|Any CPU
		{B1FF2C0C-AEBF-4174-9C6D-8FBCFC6FC21A}.Release|Any CPU.ActiveCfg = Release|Any CPU
		{B1FF2C0C-AEBF-4174-9C6D-8FBCFC6FC21A}.Release|Any CPU.Build.0 = Release|Any CPU
		{B92D3597-AD15-4604-A0AA-68393E9000D9}.Debug|Any CPU.ActiveCfg = Debug|Any CPU
		{B92D3597-AD15-4604-A0AA-68393E9000D9}.Debug|Any CPU.Build.0 = Debug|Any CPU
		{B92D3597-AD15-4604-A0AA-68393E9000D9}.Release|Any CPU.ActiveCfg = Release|Any CPU
		{B92D3597-AD15-4604-A0AA-68393E9000D9}.Release|Any CPU.Build.0 = Release|Any CPU
		{A5C08D8A-0AEF-4F18-A1A8-D51A46F09DC2}.Debug|Any CPU.ActiveCfg = Debug|Any CPU
		{A5C08D8A-0AEF-4F18-A1A8-D51A46F09DC2}.Debug|Any CPU.Build.0 = Debug|Any CPU
		{A5C08D8A-0AEF-4F18-A1A8-D51A46F09DC2}.Release|Any CPU.ActiveCfg = Release|Any CPU
		{A5C08D8A-0AEF-4F18-A1A8-D51A46F09DC2}.Release|Any CPU.Build.0 = Release|Any CPU
		{8CBBB01C-EC1D-421F-B0C0-21CA4FE78540}.Debug|Any CPU.ActiveCfg = Debug|Any CPU
		{8CBBB01C-EC1D-421F-B0C0-21CA4FE78540}.Debug|Any CPU.Build.0 = Debug|Any CPU
		{8CBBB01C-EC1D-421F-B0C0-21CA4FE78540}.Release|Any CPU.ActiveCfg = Release|Any CPU
		{8CBBB01C-EC1D-421F-B0C0-21CA4FE78540}.Release|Any CPU.Build.0 = Release|Any CPU
		{C1ADA057-55D4-44F1-A1C4-CDC754FECAAC}.Debug|Any CPU.ActiveCfg = Debug|Any CPU
		{C1ADA057-55D4-44F1-A1C4-CDC754FECAAC}.Debug|Any CPU.Build.0 = Debug|Any CPU
		{C1ADA057-55D4-44F1-A1C4-CDC754FECAAC}.Release|Any CPU.ActiveCfg = Release|Any CPU
		{C1ADA057-55D4-44F1-A1C4-CDC754FECAAC}.Release|Any CPU.Build.0 = Release|Any CPU
		{D623A602-5889-47A0-AF13-276AF650CA64}.Debug|Any CPU.ActiveCfg = Debug|Any CPU
		{D623A602-5889-47A0-AF13-276AF650CA64}.Debug|Any CPU.Build.0 = Debug|Any CPU
		{D623A602-5889-47A0-AF13-276AF650CA64}.Release|Any CPU.ActiveCfg = Release|Any CPU
		{D623A602-5889-47A0-AF13-276AF650CA64}.Release|Any CPU.Build.0 = Release|Any CPU
		{7F1C53E1-2CCF-437B-AD80-63577269BA64}.Debug|Any CPU.ActiveCfg = Debug|Any CPU
		{7F1C53E1-2CCF-437B-AD80-63577269BA64}.Debug|Any CPU.Build.0 = Debug|Any CPU
		{7F1C53E1-2CCF-437B-AD80-63577269BA64}.Release|Any CPU.ActiveCfg = Release|Any CPU
		{7F1C53E1-2CCF-437B-AD80-63577269BA64}.Release|Any CPU.Build.0 = Release|Any CPU
		{59C607EC-B2EA-412D-AADC-980217618E75}.Debug|Any CPU.ActiveCfg = Debug|Any CPU
		{59C607EC-B2EA-412D-AADC-980217618E75}.Debug|Any CPU.Build.0 = Debug|Any CPU
		{59C607EC-B2EA-412D-AADC-980217618E75}.Release|Any CPU.ActiveCfg = Release|Any CPU
		{59C607EC-B2EA-412D-AADC-980217618E75}.Release|Any CPU.Build.0 = Release|Any CPU
		{AF2A7309-55B1-4C53-8CA1-2F73CB31CC1D}.Debug|Any CPU.ActiveCfg = Debug|Any CPU
		{AF2A7309-55B1-4C53-8CA1-2F73CB31CC1D}.Debug|Any CPU.Build.0 = Debug|Any CPU
		{AF2A7309-55B1-4C53-8CA1-2F73CB31CC1D}.Release|Any CPU.ActiveCfg = Release|Any CPU
		{AF2A7309-55B1-4C53-8CA1-2F73CB31CC1D}.Release|Any CPU.Build.0 = Release|Any CPU
	EndGlobalSection
	GlobalSection(SolutionProperties) = preSolution
		HideSolutionNode = FALSE
	EndGlobalSection
	GlobalSection(NestedProjects) = preSolution
		{B92D3597-AD15-4604-A0AA-68393E9000D9} = {2DD40C7D-E3E9-491D-A788-FA56C110C0D7}
		{A5C08D8A-0AEF-4F18-A1A8-D51A46F09DC2} = {2DD40C7D-E3E9-491D-A788-FA56C110C0D7}
		{28E69D0F-8415-4A9A-A030-6A5E41B38C7A} = {BC40FED6-A502-446D-8E05-55A3CF81612A}
		{1BCE565F-6FAA-4698-BB92-3DE383EB852B} = {BC40FED6-A502-446D-8E05-55A3CF81612A}
		{8CBBB01C-EC1D-421F-B0C0-21CA4FE78540} = {28E69D0F-8415-4A9A-A030-6A5E41B38C7A}
		{C1ADA057-55D4-44F1-A1C4-CDC754FECAAC} = {1BCE565F-6FAA-4698-BB92-3DE383EB852B}
		{D623A602-5889-47A0-AF13-276AF650CA64} = {1BCE565F-6FAA-4698-BB92-3DE383EB852B}
		{7F1C53E1-2CCF-437B-AD80-63577269BA64} = {1BCE565F-6FAA-4698-BB92-3DE383EB852B}
		{59C607EC-B2EA-412D-AADC-980217618E75} = {28E69D0F-8415-4A9A-A030-6A5E41B38C7A}
	EndGlobalSection
	GlobalSection(ExtensibilityGlobals) = postSolution
		SolutionGuid = {E977EAD6-F07B-480B-8089-C22E8CA66499}
	EndGlobalSection
EndGlobal
